
Microsoft Visual Studio Solution File, Format Version 12.00
# Visual Studio 15
VisualStudioVersion = 15.0.26124.0
MinimumVisualStudioVersion = 15.0.26124.0
Project("{2150E333-8FDC-42A3-9474-1A3956D46DE8}") = "src", "src", "{A43C0CE4-85BE-409D-A71D-2DF3EE4305C9}"
EndProject
Project("{FAE04EC0-301F-11D3-BF4B-00C04F79EFBC}") = "Lapis.Math.Numbers", "src\Lapis.Math.Numbers\Lapis.Math.Numbers.csproj", "{23A2BFBA-3DC2-4A88-B598-BFACD0BF02BE}"
EndProject
Project("{FAE04EC0-301F-11D3-BF4B-00C04F79EFBC}") = "Lapis.Math.Algebra", "src\Lapis.Math.Algebra\Lapis.Math.Algebra.csproj", "{5B8FAA10-195E-4A80-B904-F4134DA8C857}"
EndProject
Project("{FAE04EC0-301F-11D3-BF4B-00C04F79EFBC}") = "Lapis.Math.LinearAlgebra", "src\Lapis.Math.LinearAlgebra\Lapis.Math.LinearAlgebra.csproj", "{F1B596B1-796B-4C89-A799-E6E9A7504756}"
EndProject
Project("{FAE04EC0-301F-11D3-BF4B-00C04F79EFBC}") = "Lapis.Math.Numerical", "src\Lapis.Math.Numerical\Lapis.Math.Numerical.csproj", "{859EE80B-227A-417A-B492-8CEC7A0B0C59}"
EndProject
Project("{FAE04EC0-301F-11D3-BF4B-00C04F79EFBC}") = "Lapis.Math.Statistical", "src\Lapis.Math.Statistical\Lapis.Math.Statistical.csproj", "{CED660EA-24FD-4C1A-AE37-98AE5F62D526}"
EndProject
Project("{FAE04EC0-301F-11D3-BF4B-00C04F79EFBC}") = "Lapis.Math.Measurement", "src\Lapis.Math.Measurement\Lapis.Math.Measurement.csproj", "{126E61DB-A208-46ED-A575-D64A2BA7DA56}"
EndProject
Global
	GlobalSection(SolutionConfigurationPlatforms) = preSolution
		Debug|Any CPU = Debug|Any CPU
		Debug|x64 = Debug|x64
		Debug|x86 = Debug|x86
		Release|Any CPU = Release|Any CPU
		Release|x64 = Release|x64
		Release|x86 = Release|x86
	EndGlobalSection
	GlobalSection(SolutionProperties) = preSolution
		HideSolutionNode = FALSE
	EndGlobalSection
	GlobalSection(ProjectConfigurationPlatforms) = postSolution
		{23A2BFBA-3DC2-4A88-B598-BFACD0BF02BE}.Debug|Any CPU.ActiveCfg = Debug|Any CPU
		{23A2BFBA-3DC2-4A88-B598-BFACD0BF02BE}.Debug|Any CPU.Build.0 = Debug|Any CPU
		{23A2BFBA-3DC2-4A88-B598-BFACD0BF02BE}.Debug|x64.ActiveCfg = Debug|x64
		{23A2BFBA-3DC2-4A88-B598-BFACD0BF02BE}.Debug|x64.Build.0 = Debug|x64
		{23A2BFBA-3DC2-4A88-B598-BFACD0BF02BE}.Debug|x86.ActiveCfg = Debug|x86
		{23A2BFBA-3DC2-4A88-B598-BFACD0BF02BE}.Debug|x86.Build.0 = Debug|x86
		{23A2BFBA-3DC2-4A88-B598-BFACD0BF02BE}.Release|Any CPU.ActiveCfg = Release|Any CPU
		{23A2BFBA-3DC2-4A88-B598-BFACD0BF02BE}.Release|Any CPU.Build.0 = Release|Any CPU
		{23A2BFBA-3DC2-4A88-B598-BFACD0BF02BE}.Release|x64.ActiveCfg = Release|x64
		{23A2BFBA-3DC2-4A88-B598-BFACD0BF02BE}.Release|x64.Build.0 = Release|x64
		{23A2BFBA-3DC2-4A88-B598-BFACD0BF02BE}.Release|x86.ActiveCfg = Release|x86
		{23A2BFBA-3DC2-4A88-B598-BFACD0BF02BE}.Release|x86.Build.0 = Release|x86
		{5B8FAA10-195E-4A80-B904-F4134DA8C857}.Debug|Any CPU.ActiveCfg = Debug|Any CPU
		{5B8FAA10-195E-4A80-B904-F4134DA8C857}.Debug|Any CPU.Build.0 = Debug|Any CPU
		{5B8FAA10-195E-4A80-B904-F4134DA8C857}.Debug|x64.ActiveCfg = Debug|x64
		{5B8FAA10-195E-4A80-B904-F4134DA8C857}.Debug|x64.Build.0 = Debug|x64
		{5B8FAA10-195E-4A80-B904-F4134DA8C857}.Debug|x86.ActiveCfg = Debug|x86
		{5B8FAA10-195E-4A80-B904-F4134DA8C857}.Debug|x86.Build.0 = Debug|x86
		{5B8FAA10-195E-4A80-B904-F4134DA8C857}.Release|Any CPU.ActiveCfg = Release|Any CPU
		{5B8FAA10-195E-4A80-B904-F4134DA8C857}.Release|Any CPU.Build.0 = Release|Any CPU
		{5B8FAA10-195E-4A80-B904-F4134DA8C857}.Release|x64.ActiveCfg = Release|x64
		{5B8FAA10-195E-4A80-B904-F4134DA8C857}.Release|x64.Build.0 = Release|x64
		{5B8FAA10-195E-4A80-B904-F4134DA8C857}.Release|x86.ActiveCfg = Release|x86
		{5B8FAA10-195E-4A80-B904-F4134DA8C857}.Release|x86.Build.0 = Release|x86
		{F1B596B1-796B-4C89-A799-E6E9A7504756}.Debug|Any CPU.ActiveCfg = Debug|Any CPU
		{F1B596B1-796B-4C89-A799-E6E9A7504756}.Debug|Any CPU.Build.0 = Debug|Any CPU
		{F1B596B1-796B-4C89-A799-E6E9A7504756}.Debug|x64.ActiveCfg = Debug|x64
		{F1B596B1-796B-4C89-A799-E6E9A7504756}.Debug|x64.Build.0 = Debug|x64
		{F1B596B1-796B-4C89-A799-E6E9A7504756}.Debug|x86.ActiveCfg = Debug|x86
		{F1B596B1-796B-4C89-A799-E6E9A7504756}.Debug|x86.Build.0 = Debug|x86
		{F1B596B1-796B-4C89-A799-E6E9A7504756}.Release|Any CPU.ActiveCfg = Release|Any CPU
		{F1B596B1-796B-4C89-A799-E6E9A7504756}.Release|Any CPU.Build.0 = Release|Any CPU
		{F1B596B1-796B-4C89-A799-E6E9A7504756}.Release|x64.ActiveCfg = Release|x64
		{F1B596B1-796B-4C89-A799-E6E9A7504756}.Release|x64.Build.0 = Release|x64
		{F1B596B1-796B-4C89-A799-E6E9A7504756}.Release|x86.ActiveCfg = Release|x86
		{F1B596B1-796B-4C89-A799-E6E9A7504756}.Release|x86.Build.0 = Release|x86
		{859EE80B-227A-417A-B492-8CEC7A0B0C59}.Debug|Any CPU.ActiveCfg = Debug|Any CPU
		{859EE80B-227A-417A-B492-8CEC7A0B0C59}.Debug|Any CPU.Build.0 = Debug|Any CPU
		{859EE80B-227A-417A-B492-8CEC7A0B0C59}.Debug|x64.ActiveCfg = Debug|x64
		{859EE80B-227A-417A-B492-8CEC7A0B0C59}.Debug|x64.Build.0 = Debug|x64
		{859EE80B-227A-417A-B492-8CEC7A0B0C59}.Debug|x86.ActiveCfg = Debug|x86
		{859EE80B-227A-417A-B492-8CEC7A0B0C59}.Debug|x86.Build.0 = Debug|x86
		{859EE80B-227A-417A-B492-8CEC7A0B0C59}.Release|Any CPU.ActiveCfg = Release|Any CPU
		{859EE80B-227A-417A-B492-8CEC7A0B0C59}.Release|Any CPU.Build.0 = Release|Any CPU
		{859EE80B-227A-417A-B492-8CEC7A0B0C59}.Release|x64.ActiveCfg = Release|x64
		{859EE80B-227A-417A-B492-8CEC7A0B0C59}.Release|x64.Build.0 = Release|x64
		{859EE80B-227A-417A-B492-8CEC7A0B0C59}.Release|x86.ActiveCfg = Release|x86
		{859EE80B-227A-417A-B492-8CEC7A0B0C59}.Release|x86.Build.0 = Release|x86
		{CED660EA-24FD-4C1A-AE37-98AE5F62D526}.Debug|Any CPU.ActiveCfg = Debug|Any CPU
		{CED660EA-24FD-4C1A-AE37-98AE5F62D526}.Debug|Any CPU.Build.0 = Debug|Any CPU
		{CED660EA-24FD-4C1A-AE37-98AE5F62D526}.Debug|x64.ActiveCfg = Debug|x64
		{CED660EA-24FD-4C1A-AE37-98AE5F62D526}.Debug|x64.Build.0 = Debug|x64
		{CED660EA-24FD-4C1A-AE37-98AE5F62D526}.Debug|x86.ActiveCfg = Debug|x86
		{CED660EA-24FD-4C1A-AE37-98AE5F62D526}.Debug|x86.Build.0 = Debug|x86
		{CED660EA-24FD-4C1A-AE37-98AE5F62D526}.Release|Any CPU.ActiveCfg = Release|Any CPU
		{CED660EA-24FD-4C1A-AE37-98AE5F62D526}.Release|Any CPU.Build.0 = Release|Any CPU
		{CED660EA-24FD-4C1A-AE37-98AE5F62D526}.Release|x64.ActiveCfg = Release|x64
		{CED660EA-24FD-4C1A-AE37-98AE5F62D526}.Release|x64.Build.0 = Release|x64
		{CED660EA-24FD-4C1A-AE37-98AE5F62D526}.Release|x86.ActiveCfg = Release|x86
		{CED660EA-24FD-4C1A-AE37-98AE5F62D526}.Release|x86.Build.0 = Release|x86
		{126E61DB-A208-46ED-A575-D64A2BA7DA56}.Debug|Any CPU.ActiveCfg = Debug|Any CPU
		{126E61DB-A208-46ED-A575-D64A2BA7DA56}.Debug|Any CPU.Build.0 = Debug|Any CPU
		{126E61DB-A208-46ED-A575-D64A2BA7DA56}.Debug|x64.ActiveCfg = Debug|x64
		{126E61DB-A208-46ED-A575-D64A2BA7DA56}.Debug|x64.Build.0 = Debug|x64
		{126E61DB-A208-46ED-A575-D64A2BA7DA56}.Debug|x86.ActiveCfg = Debug|x86
		{126E61DB-A208-46ED-A575-D64A2BA7DA56}.Debug|x86.Build.0 = Debug|x86
		{126E61DB-A208-46ED-A575-D64A2BA7DA56}.Release|Any CPU.ActiveCfg = Release|Any CPU
		{126E61DB-A208-46ED-A575-D64A2BA7DA56}.Release|Any CPU.Build.0 = Release|Any CPU
		{126E61DB-A208-46ED-A575-D64A2BA7DA56}.Release|x64.ActiveCfg = Release|x64
		{126E61DB-A208-46ED-A575-D64A2BA7DA56}.Release|x64.Build.0 = Release|x64
		{126E61DB-A208-46ED-A575-D64A2BA7DA56}.Release|x86.ActiveCfg = Release|x86
		{126E61DB-A208-46ED-A575-D64A2BA7DA56}.Release|x86.Build.0 = Release|x86
	EndGlobalSection
	GlobalSection(NestedProjects) = preSolution
		{23A2BFBA-3DC2-4A88-B598-BFACD0BF02BE} = {A43C0CE4-85BE-409D-A71D-2DF3EE4305C9}
		{5B8FAA10-195E-4A80-B904-F4134DA8C857} = {A43C0CE4-85BE-409D-A71D-2DF3EE4305C9}
		{F1B596B1-796B-4C89-A799-E6E9A7504756} = {A43C0CE4-85BE-409D-A71D-2DF3EE4305C9}
		{859EE80B-227A-417A-B492-8CEC7A0B0C59} = {A43C0CE4-85BE-409D-A71D-2DF3EE4305C9}
		{CED660EA-24FD-4C1A-AE37-98AE5F62D526} = {A43C0CE4-85BE-409D-A71D-2DF3EE4305C9}
		{126E61DB-A208-46ED-A575-D64A2BA7DA56} = {A43C0CE4-85BE-409D-A71D-2DF3EE4305C9}
	EndGlobalSection
EndGlobal
