
Microsoft Visual Studio Solution File, Format Version 12.00
# Visual Studio 15
VisualStudioVersion = 15.0.26124.0
MinimumVisualStudioVersion = 15.0.26124.0
Project("{2150E333-8FDC-42A3-9474-1A3956D46DE8}") = "src", "src", "{B9DE9E07-4353-4D74-AA2C-C34A3396CFA5}"
EndProject
Project("{FAE04EC0-301F-11D3-BF4B-00C04F79EFBC}") = "Lapis.Math.Numbers", "src\Lapis.Math.Numbers\Lapis.Math.Numbers.csproj", "{8CA8141E-4BC3-4A80-B3CC-2061968886A1}"
EndProject
Project("{FAE04EC0-301F-11D3-BF4B-00C04F79EFBC}") = "Lapis.Math.Algebra", "src\Lapis.Math.Algebra\Lapis.Math.Algebra.csproj", "{2A1C2535-955D-4B09-A474-724D201EF0C6}"
EndProject
Project("{FAE04EC0-301F-11D3-BF4B-00C04F79EFBC}") = "Lapis.Math.LinearAlgebra", "src\Lapis.Math.LinearAlgebra\Lapis.Math.LinearAlgebra.csproj", "{D3CFC07F-7671-4E0F-9BA4-536DBCCA2FE3}"
EndProject
Project("{FAE04EC0-301F-11D3-BF4B-00C04F79EFBC}") = "Lapis.Math.Numerical", "src\Lapis.Math.Numerical\Lapis.Math.Numerical.csproj", "{C9E5C751-B8FF-40B4-9B64-F25873094351}"
EndProject
Project("{FAE04EC0-301F-11D3-BF4B-00C04F79EFBC}") = "Lapis.Math.Statistical", "src\Lapis.Math.Statistical\Lapis.Math.Statistical.csproj", "{39730EE8-680D-481D-974B-8FDA3B3D65D2}"
EndProject
Project("{FAE04EC0-301F-11D3-BF4B-00C04F79EFBC}") = "Lapis.Math.Measurement", "src\Lapis.Math.Measurement\Lapis.Math.Measurement.csproj", "{D94D1709-B645-4892-A69C-18C7E0A97976}"
EndProject
Project("{2150E333-8FDC-42A3-9474-1A3956D46DE8}") = "test", "test", "{DD9DE6BD-653B-4E79-AA68-BE16C8D7D9A6}"
EndProject
Project("{FAE04EC0-301F-11D3-BF4B-00C04F79EFBC}") = "Lapis.Math.Numbers.Tests", "test\Lapis.Math.Numbers.Tests\Lapis.Math.Numbers.Tests.csproj", "{A649CE4B-7CAE-4C24-8AC2-7E75FD9815AF}"
EndProject
Project("{FAE04EC0-301F-11D3-BF4B-00C04F79EFBC}") = "Lapis.Math.Algebra.Tests", "test\Lapis.Math.Algebra.Tests\Lapis.Math.Algebra.Tests.csproj", "{5755190E-11F7-4AB1-BEBD-94C0F45A4441}"
EndProject
Project("{FAE04EC0-301F-11D3-BF4B-00C04F79EFBC}") = "Lapis.Math.LinearAlgebra.Tests", "test\Lapis.Math.LinearAlgebra.Tests\Lapis.Math.LinearAlgebra.Tests.csproj", "{EE48D6FE-2A20-4DE2-AA1D-94D32A012C9F}"
EndProject
Project("{FAE04EC0-301F-11D3-BF4B-00C04F79EFBC}") = "Lapis.Math.Numerical.Tests", "test\Lapis.Math.Numerical.Tests\Lapis.Math.Numerical.Tests.csproj", "{4EAEA718-753B-42C6-854B-63599A85212C}"
EndProject
Project("{FAE04EC0-301F-11D3-BF4B-00C04F79EFBC}") = "Lapis.Math.Statistical.Tests", "test\Lapis.Math.Statistical.Tests\Lapis.Math.Statistical.Tests.csproj", "{D804C0F7-CDB8-458E-9AB5-30FF43DA9EC2}"
EndProject
Project("{FAE04EC0-301F-11D3-BF4B-00C04F79EFBC}") = "Lapis.Math.Measurement.Tests", "test\Lapis.Math.Measurement.Tests\Lapis.Math.Measurement.Tests.csproj", "{E5D2C6F2-8DFF-4128-AB3D-F78954DFF619}"
EndProject
Global
	GlobalSection(SolutionConfigurationPlatforms) = preSolution
		Debug|Any CPU = Debug|Any CPU
		Debug|x64 = Debug|x64
		Debug|x86 = Debug|x86
		Release|Any CPU = Release|Any CPU
		Release|x64 = Release|x64
		Release|x86 = Release|x86
	EndGlobalSection
	GlobalSection(SolutionProperties) = preSolution
		HideSolutionNode = FALSE
	EndGlobalSection
	GlobalSection(ProjectConfigurationPlatforms) = postSolution
		{8CA8141E-4BC3-4A80-B3CC-2061968886A1}.Debug|Any CPU.ActiveCfg = Debug|Any CPU
		{8CA8141E-4BC3-4A80-B3CC-2061968886A1}.Debug|Any CPU.Build.0 = Debug|Any CPU
		{8CA8141E-4BC3-4A80-B3CC-2061968886A1}.Debug|x64.ActiveCfg = Debug|x64
		{8CA8141E-4BC3-4A80-B3CC-2061968886A1}.Debug|x64.Build.0 = Debug|x64
		{8CA8141E-4BC3-4A80-B3CC-2061968886A1}.Debug|x86.ActiveCfg = Debug|x86
		{8CA8141E-4BC3-4A80-B3CC-2061968886A1}.Debug|x86.Build.0 = Debug|x86
		{8CA8141E-4BC3-4A80-B3CC-2061968886A1}.Release|Any CPU.ActiveCfg = Release|Any CPU
		{8CA8141E-4BC3-4A80-B3CC-2061968886A1}.Release|Any CPU.Build.0 = Release|Any CPU
		{8CA8141E-4BC3-4A80-B3CC-2061968886A1}.Release|x64.ActiveCfg = Release|x64
		{8CA8141E-4BC3-4A80-B3CC-2061968886A1}.Release|x64.Build.0 = Release|x64
		{8CA8141E-4BC3-4A80-B3CC-2061968886A1}.Release|x86.ActiveCfg = Release|x86
		{8CA8141E-4BC3-4A80-B3CC-2061968886A1}.Release|x86.Build.0 = Release|x86
		{2A1C2535-955D-4B09-A474-724D201EF0C6}.Debug|Any CPU.ActiveCfg = Debug|Any CPU
		{2A1C2535-955D-4B09-A474-724D201EF0C6}.Debug|Any CPU.Build.0 = Debug|Any CPU
		{2A1C2535-955D-4B09-A474-724D201EF0C6}.Debug|x64.ActiveCfg = Debug|x64
		{2A1C2535-955D-4B09-A474-724D201EF0C6}.Debug|x64.Build.0 = Debug|x64
		{2A1C2535-955D-4B09-A474-724D201EF0C6}.Debug|x86.ActiveCfg = Debug|x86
		{2A1C2535-955D-4B09-A474-724D201EF0C6}.Debug|x86.Build.0 = Debug|x86
		{2A1C2535-955D-4B09-A474-724D201EF0C6}.Release|Any CPU.ActiveCfg = Release|Any CPU
		{2A1C2535-955D-4B09-A474-724D201EF0C6}.Release|Any CPU.Build.0 = Release|Any CPU
		{2A1C2535-955D-4B09-A474-724D201EF0C6}.Release|x64.ActiveCfg = Release|x64
		{2A1C2535-955D-4B09-A474-724D201EF0C6}.Release|x64.Build.0 = Release|x64
		{2A1C2535-955D-4B09-A474-724D201EF0C6}.Release|x86.ActiveCfg = Release|x86
		{2A1C2535-955D-4B09-A474-724D201EF0C6}.Release|x86.Build.0 = Release|x86
		{D3CFC07F-7671-4E0F-9BA4-536DBCCA2FE3}.Debug|Any CPU.ActiveCfg = Debug|Any CPU
		{D3CFC07F-7671-4E0F-9BA4-536DBCCA2FE3}.Debug|Any CPU.Build.0 = Debug|Any CPU
		{D3CFC07F-7671-4E0F-9BA4-536DBCCA2FE3}.Debug|x64.ActiveCfg = Debug|x64
		{D3CFC07F-7671-4E0F-9BA4-536DBCCA2FE3}.Debug|x64.Build.0 = Debug|x64
		{D3CFC07F-7671-4E0F-9BA4-536DBCCA2FE3}.Debug|x86.ActiveCfg = Debug|x86
		{D3CFC07F-7671-4E0F-9BA4-536DBCCA2FE3}.Debug|x86.Build.0 = Debug|x86
		{D3CFC07F-7671-4E0F-9BA4-536DBCCA2FE3}.Release|Any CPU.ActiveCfg = Release|Any CPU
		{D3CFC07F-7671-4E0F-9BA4-536DBCCA2FE3}.Release|Any CPU.Build.0 = Release|Any CPU
		{D3CFC07F-7671-4E0F-9BA4-536DBCCA2FE3}.Release|x64.ActiveCfg = Release|x64
		{D3CFC07F-7671-4E0F-9BA4-536DBCCA2FE3}.Release|x64.Build.0 = Release|x64
		{D3CFC07F-7671-4E0F-9BA4-536DBCCA2FE3}.Release|x86.ActiveCfg = Release|x86
		{D3CFC07F-7671-4E0F-9BA4-536DBCCA2FE3}.Release|x86.Build.0 = Release|x86
		{C9E5C751-B8FF-40B4-9B64-F25873094351}.Debug|Any CPU.ActiveCfg = Debug|Any CPU
		{C9E5C751-B8FF-40B4-9B64-F25873094351}.Debug|Any CPU.Build.0 = Debug|Any CPU
		{C9E5C751-B8FF-40B4-9B64-F25873094351}.Debug|x64.ActiveCfg = Debug|x64
		{C9E5C751-B8FF-40B4-9B64-F25873094351}.Debug|x64.Build.0 = Debug|x64
		{C9E5C751-B8FF-40B4-9B64-F25873094351}.Debug|x86.ActiveCfg = Debug|x86
		{C9E5C751-B8FF-40B4-9B64-F25873094351}.Debug|x86.Build.0 = Debug|x86
		{C9E5C751-B8FF-40B4-9B64-F25873094351}.Release|Any CPU.ActiveCfg = Release|Any CPU
		{C9E5C751-B8FF-40B4-9B64-F25873094351}.Release|Any CPU.Build.0 = Release|Any CPU
		{C9E5C751-B8FF-40B4-9B64-F25873094351}.Release|x64.ActiveCfg = Release|x64
		{C9E5C751-B8FF-40B4-9B64-F25873094351}.Release|x64.Build.0 = Release|x64
		{C9E5C751-B8FF-40B4-9B64-F25873094351}.Release|x86.ActiveCfg = Release|x86
		{C9E5C751-B8FF-40B4-9B64-F25873094351}.Release|x86.Build.0 = Release|x86
		{39730EE8-680D-481D-974B-8FDA3B3D65D2}.Debug|Any CPU.ActiveCfg = Debug|Any CPU
		{39730EE8-680D-481D-974B-8FDA3B3D65D2}.Debug|Any CPU.Build.0 = Debug|Any CPU
		{39730EE8-680D-481D-974B-8FDA3B3D65D2}.Debug|x64.ActiveCfg = Debug|x64
		{39730EE8-680D-481D-974B-8FDA3B3D65D2}.Debug|x64.Build.0 = Debug|x64
		{39730EE8-680D-481D-974B-8FDA3B3D65D2}.Debug|x86.ActiveCfg = Debug|x86
		{39730EE8-680D-481D-974B-8FDA3B3D65D2}.Debug|x86.Build.0 = Debug|x86
		{39730EE8-680D-481D-974B-8FDA3B3D65D2}.Release|Any CPU.ActiveCfg = Release|Any CPU
		{39730EE8-680D-481D-974B-8FDA3B3D65D2}.Release|Any CPU.Build.0 = Release|Any CPU
		{39730EE8-680D-481D-974B-8FDA3B3D65D2}.Release|x64.ActiveCfg = Release|x64
		{39730EE8-680D-481D-974B-8FDA3B3D65D2}.Release|x64.Build.0 = Release|x64
		{39730EE8-680D-481D-974B-8FDA3B3D65D2}.Release|x86.ActiveCfg = Release|x86
		{39730EE8-680D-481D-974B-8FDA3B3D65D2}.Release|x86.Build.0 = Release|x86
		{D94D1709-B645-4892-A69C-18C7E0A97976}.Debug|Any CPU.ActiveCfg = Debug|Any CPU
		{D94D1709-B645-4892-A69C-18C7E0A97976}.Debug|Any CPU.Build.0 = Debug|Any CPU
		{D94D1709-B645-4892-A69C-18C7E0A97976}.Debug|x64.ActiveCfg = Debug|x64
		{D94D1709-B645-4892-A69C-18C7E0A97976}.Debug|x64.Build.0 = Debug|x64
		{D94D1709-B645-4892-A69C-18C7E0A97976}.Debug|x86.ActiveCfg = Debug|x86
		{D94D1709-B645-4892-A69C-18C7E0A97976}.Debug|x86.Build.0 = Debug|x86
		{D94D1709-B645-4892-A69C-18C7E0A97976}.Release|Any CPU.ActiveCfg = Release|Any CPU
		{D94D1709-B645-4892-A69C-18C7E0A97976}.Release|Any CPU.Build.0 = Release|Any CPU
		{D94D1709-B645-4892-A69C-18C7E0A97976}.Release|x64.ActiveCfg = Release|x64
		{D94D1709-B645-4892-A69C-18C7E0A97976}.Release|x64.Build.0 = Release|x64
		{D94D1709-B645-4892-A69C-18C7E0A97976}.Release|x86.ActiveCfg = Release|x86
		{D94D1709-B645-4892-A69C-18C7E0A97976}.Release|x86.Build.0 = Release|x86
		{A649CE4B-7CAE-4C24-8AC2-7E75FD9815AF}.Debug|Any CPU.ActiveCfg = Debug|Any CPU
		{A649CE4B-7CAE-4C24-8AC2-7E75FD9815AF}.Debug|Any CPU.Build.0 = Debug|Any CPU
		{A649CE4B-7CAE-4C24-8AC2-7E75FD9815AF}.Debug|x64.ActiveCfg = Debug|x64
		{A649CE4B-7CAE-4C24-8AC2-7E75FD9815AF}.Debug|x64.Build.0 = Debug|x64
		{A649CE4B-7CAE-4C24-8AC2-7E75FD9815AF}.Debug|x86.ActiveCfg = Debug|x86
		{A649CE4B-7CAE-4C24-8AC2-7E75FD9815AF}.Debug|x86.Build.0 = Debug|x86
		{A649CE4B-7CAE-4C24-8AC2-7E75FD9815AF}.Release|Any CPU.ActiveCfg = Release|Any CPU
		{A649CE4B-7CAE-4C24-8AC2-7E75FD9815AF}.Release|Any CPU.Build.0 = Release|Any CPU
		{A649CE4B-7CAE-4C24-8AC2-7E75FD9815AF}.Release|x64.ActiveCfg = Release|x64
		{A649CE4B-7CAE-4C24-8AC2-7E75FD9815AF}.Release|x64.Build.0 = Release|x64
		{A649CE4B-7CAE-4C24-8AC2-7E75FD9815AF}.Release|x86.ActiveCfg = Release|x86
		{A649CE4B-7CAE-4C24-8AC2-7E75FD9815AF}.Release|x86.Build.0 = Release|x86
		{5755190E-11F7-4AB1-BEBD-94C0F45A4441}.Debug|Any CPU.ActiveCfg = Debug|Any CPU
		{5755190E-11F7-4AB1-BEBD-94C0F45A4441}.Debug|Any CPU.Build.0 = Debug|Any CPU
		{5755190E-11F7-4AB1-BEBD-94C0F45A4441}.Debug|x64.ActiveCfg = Debug|x64
		{5755190E-11F7-4AB1-BEBD-94C0F45A4441}.Debug|x64.Build.0 = Debug|x64
		{5755190E-11F7-4AB1-BEBD-94C0F45A4441}.Debug|x86.ActiveCfg = Debug|x86
		{5755190E-11F7-4AB1-BEBD-94C0F45A4441}.Debug|x86.Build.0 = Debug|x86
		{5755190E-11F7-4AB1-BEBD-94C0F45A4441}.Release|Any CPU.ActiveCfg = Release|Any CPU
		{5755190E-11F7-4AB1-BEBD-94C0F45A4441}.Release|Any CPU.Build.0 = Release|Any CPU
		{5755190E-11F7-4AB1-BEBD-94C0F45A4441}.Release|x64.ActiveCfg = Release|x64
		{5755190E-11F7-4AB1-BEBD-94C0F45A4441}.Release|x64.Build.0 = Release|x64
		{5755190E-11F7-4AB1-BEBD-94C0F45A4441}.Release|x86.ActiveCfg = Release|x86
		{5755190E-11F7-4AB1-BEBD-94C0F45A4441}.Release|x86.Build.0 = Release|x86
		{EE48D6FE-2A20-4DE2-AA1D-94D32A012C9F}.Debug|Any CPU.ActiveCfg = Debug|Any CPU
		{EE48D6FE-2A20-4DE2-AA1D-94D32A012C9F}.Debug|Any CPU.Build.0 = Debug|Any CPU
		{EE48D6FE-2A20-4DE2-AA1D-94D32A012C9F}.Debug|x64.ActiveCfg = Debug|x64
		{EE48D6FE-2A20-4DE2-AA1D-94D32A012C9F}.Debug|x64.Build.0 = Debug|x64
		{EE48D6FE-2A20-4DE2-AA1D-94D32A012C9F}.Debug|x86.ActiveCfg = Debug|x86
		{EE48D6FE-2A20-4DE2-AA1D-94D32A012C9F}.Debug|x86.Build.0 = Debug|x86
		{EE48D6FE-2A20-4DE2-AA1D-94D32A012C9F}.Release|Any CPU.ActiveCfg = Release|Any CPU
		{EE48D6FE-2A20-4DE2-AA1D-94D32A012C9F}.Release|Any CPU.Build.0 = Release|Any CPU
		{EE48D6FE-2A20-4DE2-AA1D-94D32A012C9F}.Release|x64.ActiveCfg = Release|x64
		{EE48D6FE-2A20-4DE2-AA1D-94D32A012C9F}.Release|x64.Build.0 = Release|x64
		{EE48D6FE-2A20-4DE2-AA1D-94D32A012C9F}.Release|x86.ActiveCfg = Release|x86
		{EE48D6FE-2A20-4DE2-AA1D-94D32A012C9F}.Release|x86.Build.0 = Release|x86
		{4EAEA718-753B-42C6-854B-63599A85212C}.Debug|Any CPU.ActiveCfg = Debug|Any CPU
		{4EAEA718-753B-42C6-854B-63599A85212C}.Debug|Any CPU.Build.0 = Debug|Any CPU
		{4EAEA718-753B-42C6-854B-63599A85212C}.Debug|x64.ActiveCfg = Debug|x64
		{4EAEA718-753B-42C6-854B-63599A85212C}.Debug|x64.Build.0 = Debug|x64
		{4EAEA718-753B-42C6-854B-63599A85212C}.Debug|x86.ActiveCfg = Debug|x86
		{4EAEA718-753B-42C6-854B-63599A85212C}.Debug|x86.Build.0 = Debug|x86
		{4EAEA718-753B-42C6-854B-63599A85212C}.Release|Any CPU.ActiveCfg = Release|Any CPU
		{4EAEA718-753B-42C6-854B-63599A85212C}.Release|Any CPU.Build.0 = Release|Any CPU
		{4EAEA718-753B-42C6-854B-63599A85212C}.Release|x64.ActiveCfg = Release|x64
		{4EAEA718-753B-42C6-854B-63599A85212C}.Release|x64.Build.0 = Release|x64
		{4EAEA718-753B-42C6-854B-63599A85212C}.Release|x86.ActiveCfg = Release|x86
		{4EAEA718-753B-42C6-854B-63599A85212C}.Release|x86.Build.0 = Release|x86
		{D804C0F7-CDB8-458E-9AB5-30FF43DA9EC2}.Debug|Any CPU.ActiveCfg = Debug|Any CPU
		{D804C0F7-CDB8-458E-9AB5-30FF43DA9EC2}.Debug|Any CPU.Build.0 = Debug|Any CPU
		{D804C0F7-CDB8-458E-9AB5-30FF43DA9EC2}.Debug|x64.ActiveCfg = Debug|x64
		{D804C0F7-CDB8-458E-9AB5-30FF43DA9EC2}.Debug|x64.Build.0 = Debug|x64
		{D804C0F7-CDB8-458E-9AB5-30FF43DA9EC2}.Debug|x86.ActiveCfg = Debug|x86
		{D804C0F7-CDB8-458E-9AB5-30FF43DA9EC2}.Debug|x86.Build.0 = Debug|x86
		{D804C0F7-CDB8-458E-9AB5-30FF43DA9EC2}.Release|Any CPU.ActiveCfg = Release|Any CPU
		{D804C0F7-CDB8-458E-9AB5-30FF43DA9EC2}.Release|Any CPU.Build.0 = Release|Any CPU
		{D804C0F7-CDB8-458E-9AB5-30FF43DA9EC2}.Release|x64.ActiveCfg = Release|x64
		{D804C0F7-CDB8-458E-9AB5-30FF43DA9EC2}.Release|x64.Build.0 = Release|x64
		{D804C0F7-CDB8-458E-9AB5-30FF43DA9EC2}.Release|x86.ActiveCfg = Release|x86
		{D804C0F7-CDB8-458E-9AB5-30FF43DA9EC2}.Release|x86.Build.0 = Release|x86
		{E5D2C6F2-8DFF-4128-AB3D-F78954DFF619}.Debug|Any CPU.ActiveCfg = Debug|Any CPU
		{E5D2C6F2-8DFF-4128-AB3D-F78954DFF619}.Debug|Any CPU.Build.0 = Debug|Any CPU
		{E5D2C6F2-8DFF-4128-AB3D-F78954DFF619}.Debug|x64.ActiveCfg = Debug|x64
		{E5D2C6F2-8DFF-4128-AB3D-F78954DFF619}.Debug|x64.Build.0 = Debug|x64
		{E5D2C6F2-8DFF-4128-AB3D-F78954DFF619}.Debug|x86.ActiveCfg = Debug|x86
		{E5D2C6F2-8DFF-4128-AB3D-F78954DFF619}.Debug|x86.Build.0 = Debug|x86
		{E5D2C6F2-8DFF-4128-AB3D-F78954DFF619}.Release|Any CPU.ActiveCfg = Release|Any CPU
		{E5D2C6F2-8DFF-4128-AB3D-F78954DFF619}.Release|Any CPU.Build.0 = Release|Any CPU
		{E5D2C6F2-8DFF-4128-AB3D-F78954DFF619}.Release|x64.ActiveCfg = Release|x64
		{E5D2C6F2-8DFF-4128-AB3D-F78954DFF619}.Release|x64.Build.0 = Release|x64
		{E5D2C6F2-8DFF-4128-AB3D-F78954DFF619}.Release|x86.ActiveCfg = Release|x86
		{E5D2C6F2-8DFF-4128-AB3D-F78954DFF619}.Release|x86.Build.0 = Release|x86
	EndGlobalSection
	GlobalSection(NestedProjects) = preSolution
		{8CA8141E-4BC3-4A80-B3CC-2061968886A1} = {B9DE9E07-4353-4D74-AA2C-C34A3396CFA5}
		{2A1C2535-955D-4B09-A474-724D201EF0C6} = {B9DE9E07-4353-4D74-AA2C-C34A3396CFA5}
		{D3CFC07F-7671-4E0F-9BA4-536DBCCA2FE3} = {B9DE9E07-4353-4D74-AA2C-C34A3396CFA5}
		{C9E5C751-B8FF-40B4-9B64-F25873094351} = {B9DE9E07-4353-4D74-AA2C-C34A3396CFA5}
		{39730EE8-680D-481D-974B-8FDA3B3D65D2} = {B9DE9E07-4353-4D74-AA2C-C34A3396CFA5}
		{D94D1709-B645-4892-A69C-18C7E0A97976} = {B9DE9E07-4353-4D74-AA2C-C34A3396CFA5}
		{A649CE4B-7CAE-4C24-8AC2-7E75FD9815AF} = {DD9DE6BD-653B-4E79-AA68-BE16C8D7D9A6}
		{5755190E-11F7-4AB1-BEBD-94C0F45A4441} = {DD9DE6BD-653B-4E79-AA68-BE16C8D7D9A6}
		{EE48D6FE-2A20-4DE2-AA1D-94D32A012C9F} = {DD9DE6BD-653B-4E79-AA68-BE16C8D7D9A6}
		{4EAEA718-753B-42C6-854B-63599A85212C} = {DD9DE6BD-653B-4E79-AA68-BE16C8D7D9A6}
		{D804C0F7-CDB8-458E-9AB5-30FF43DA9EC2} = {DD9DE6BD-653B-4E79-AA68-BE16C8D7D9A6}
		{E5D2C6F2-8DFF-4128-AB3D-F78954DFF619} = {DD9DE6BD-653B-4E79-AA68-BE16C8D7D9A6}
	EndGlobalSection
EndGlobal
